
Microsoft Visual Studio Solution File, Format Version 11.00
# Visual Studio 2010
Project("{FAE04EC0-301F-11D3-BF4B-00C04F79EFBC}") = "Assembly-CSharp", "Assembly-CSharp.csproj", "{8A25F3CC-687E-24C5-6287-A067B880412F}"
EndProject
Project("{FAE04EC0-301F-11D3-BF4B-00C04F79EFBC}") = "Assembly-CSharp-firstpass", "Assembly-CSharp-firstpass.csproj", "{85D34646-83F1-6759-2996-C763FA5C20BA}"
EndProject
Project("{FAE04EC0-301F-11D3-BF4B-00C04F79EFBC}") = "Assembly-CSharp-Editor-firstpass", "Assembly-CSharp-Editor-firstpass.csproj", "{F8444BA8-76B4-4143-2E2A-E39195AB19E2}"
EndProject
Global
	GlobalSection(SolutionConfigurationPlatforms) = preSolution
		Debug|Any CPU = Debug|Any CPU
		Release|Any CPU = Release|Any CPU
	EndGlobalSection
	GlobalSection(ProjectConfigurationPlatforms) = postSolution
		{8A25F3CC-687E-24C5-6287-A067B880412F}.Debug|Any CPU.ActiveCfg = Debug|Any CPU
		{8A25F3CC-687E-24C5-6287-A067B880412F}.Debug|Any CPU.Build.0 = Debug|Any CPU
		{8A25F3CC-687E-24C5-6287-A067B880412F}.Release|Any CPU.ActiveCfg = Release|Any CPU
		{8A25F3CC-687E-24C5-6287-A067B880412F}.Release|Any CPU.Build.0 = Release|Any CPU
		{85D34646-83F1-6759-2996-C763FA5C20BA}.Debug|Any CPU.ActiveCfg = Debug|Any CPU
		{85D34646-83F1-6759-2996-C763FA5C20BA}.Debug|Any CPU.Build.0 = Debug|Any CPU
		{85D34646-83F1-6759-2996-C763FA5C20BA}.Release|Any CPU.ActiveCfg = Release|Any CPU
		{85D34646-83F1-6759-2996-C763FA5C20BA}.Release|Any CPU.Build.0 = Release|Any CPU
		{F8444BA8-76B4-4143-2E2A-E39195AB19E2}.Debug|Any CPU.ActiveCfg = Debug|Any CPU
		{F8444BA8-76B4-4143-2E2A-E39195AB19E2}.Debug|Any CPU.Build.0 = Debug|Any CPU
		{F8444BA8-76B4-4143-2E2A-E39195AB19E2}.Release|Any CPU.ActiveCfg = Release|Any CPU
		{F8444BA8-76B4-4143-2E2A-E39195AB19E2}.Release|Any CPU.Build.0 = Release|Any CPU
	EndGlobalSection
	GlobalSection(SolutionProperties) = preSolution
		HideSolutionNode = FALSE
	EndGlobalSection
	GlobalSection(MonoDevelopProperties) = preSolution
		StartupItem = Assembly-CSharp.csproj
	EndGlobalSection
EndGlobal
